# This file is autogenerated, do not edit; changes may be undone by the next 'dep ensure'.


[[projects]]
  name = "github.com/bnagy/gapstone"
  packages = ["."]
  revision = "c8ce2e4cbb4a79435fdfead04377f984d51beab9"
  version = "3.0.3"

[solve-meta]
  analyzer-name = "dep"
  analyzer-version = 1
  inputs-digest = "fb27cc002775e3e2e86eb3ceb75e6f0f90efccd278cabff155e3578c7ff83676"
  solver-name = "gps-cdcl"
  solver-version = 1
